
Microsoft Visual Studio Solution File, Format Version 12.00
# Visual Studio Version 16
VisualStudioVersion = 16.0.31624.102
MinimumVisualStudioVersion = 10.0.40219.1
Project("{9A19103F-16F7-4668-BE54-9A1E7A4F7556}") = "Tasks", "Tasks\Tasks.csproj", "{B77F30D7-D323-429A-8294-084D8E1F5204}"
EndProject
Project("{9A19103F-16F7-4668-BE54-9A1E7A4F7556}") = "Task-4-1", "Task-4-1\Task-4-1.csproj", "{93567392-536A-4E2B-93BD-03D0C7F19AFC}"
EndProject
Project("{9A19103F-16F7-4668-BE54-9A1E7A4F7556}") = "Task-4-2", "Task-4-2\Task-4-2.csproj", "{F76D8629-18A4-4F60-828B-2359986A2801}"
EndProject
Project("{9A19103F-16F7-4668-BE54-9A1E7A4F7556}") = "Task-5-1", "Task-5-1\Task-5-1.csproj", "{E52EC200-CCB3-4FC5-9A71-4828049B3C9D}"
EndProject
Project("{9A19103F-16F7-4668-BE54-9A1E7A4F7556}") = "Task-5-2-a", "Task-5-2-a\Task-5-2-a.csproj", "{12AF5AF2-2DED-4688-AFC0-11CAF869AA69}"
EndProject
Project("{9A19103F-16F7-4668-BE54-9A1E7A4F7556}") = "Task-5-1-b", "Task-5-1-b\Task-5-1-b.csproj", "{F0AE61A2-75E3-4167-9E7F-2B2D43A8A197}"
EndProject
Project("{9A19103F-16F7-4668-BE54-9A1E7A4F7556}") = "Task-5-2-б", "Task-5-2-б\Task-5-2-б.csproj", "{FB6B2546-77B1-4D7F-95F9-CFDDFCBAE414}"
EndProject
Project("{9A19103F-16F7-4668-BE54-9A1E7A4F7556}") = "Task-5-2-в", "Task-5-2-в\Task-5-2-в.csproj", "{F32D3136-0C24-4F3D-9CD8-69741097DCB8}"
EndProject
Project("{9A19103F-16F7-4668-BE54-9A1E7A4F7556}") = "Task-5-2-г", "Task-5-2-г\Task-5-2-г.csproj", "{15CA1CDC-4BFB-4D72-BBB6-28818D3002DA}"
EndProject
Project("{9A19103F-16F7-4668-BE54-9A1E7A4F7556}") = "Task-5-d", "Task-5-d\Task-5-d.csproj", "{CCAA13A6-730D-447B-ACEE-2B48B9F08E77}"
EndProject
Project("{9A19103F-16F7-4668-BE54-9A1E7A4F7556}") = "Task-6-1", "Task-6-1\Task-6-1.csproj", "{FEAA7F97-A2CA-4B0D-ABB7-790CC643201D}"
EndProject
Project("{9A19103F-16F7-4668-BE54-9A1E7A4F7556}") = "Task-6-2", "Task-6-2\Task-6-2.csproj", "{6D796CA2-5F07-458E-A72B-52D7AA748808}"
EndProject
Project("{9A19103F-16F7-4668-BE54-9A1E7A4F7556}") = "Task-7-1-a", "Task-7-1-a\Task-7-1-a.csproj", "{F5825BC0-A4B7-417E-A2B4-80A142741EA3}"
EndProject
Project("{FAE04EC0-301F-11D3-BF4B-00C04F79EFBC}") = "Task-7-2", "Task-7-2\Task-7-2.csproj", "{1CBBCA93-3C0C-4C64-A6DC-5CD71DB5E5F6}"
Project("{FAE04EC0-301F-11D3-BF4B-00C04F79EFBC}") = "Tasks", "Tasks\Tasks.csproj", "{F68E8127-D892-4581-9B2F-2D25DD7430FD}"
EndProject
Project("{FAE04EC0-301F-11D3-BF4B-00C04F79EFBC}") = "Task2", "Task2\Task2.csproj", "{9A08D8AF-2D01-451F-91C0-D9D2CA1B5829}"
EndProject
Project("{FAE04EC0-301F-11D3-BF4B-00C04F79EFBC}") = "Task3", "Task3\Task3.csproj", "{2BD4472A-9CD8-477B-9B05-070CEB36712B}"
EndProject
Project("{FAE04EC0-301F-11D3-BF4B-00C04F79EFBC}") = "Task-2-1", "Task-2-1\Task-2-1.csproj", "{A30892C6-E3C9-4F56-ADDB-35461DC19E86}"
EndProject
Project("{FAE04EC0-301F-11D3-BF4B-00C04F79EFBC}") = "Task-2-2", "Task-2-2\Task-2-2.csproj", "{F1877FF5-E796-43C2-9D1D-D6E129526CF7}"
EndProject
Project("{FAE04EC0-301F-11D3-BF4B-00C04F79EFBC}") = "Task-2-3", "Task-2-3\Task-2-3.csproj", "{071FC063-C840-421D-81A7-158E61E69299}"
EndProject
Project("{FAE04EC0-301F-11D3-BF4B-00C04F79EFBC}") = "Task-2-4", "Task-2-4\Task-2-4.csproj", "{88F74EC5-D664-4AB2-90AA-61F21D53EF8C}"
EndProject
Project("{FAE04EC0-301F-11D3-BF4B-00C04F79EFBC}") = "Task-3-1", "Task-3-1\Task-3-1.csproj", "{BB30C6A6-F1D8-431F-AE0E-6E4D308FC5D0}"
EndProject
Project("{FAE04EC0-301F-11D3-BF4B-00C04F79EFBC}") = "Task-3-1-b", "Task-3-1-b\Task-3-1-b.csproj", "{BD640FC6-F14A-40C6-B1C5-5E669168AB2E}"
EndProject
Project("{FAE04EC0-301F-11D3-BF4B-00C04F79EFBC}") = "Task-3-2", "Task-3-2\Task-3-2.csproj", "{2C84BEC8-F283-41DF-AA9C-02BCCFA79EE3}"
EndProject
Global
	GlobalSection(SolutionConfigurationPlatforms) = preSolution
		Debug|Any CPU = Debug|Any CPU
		Release|Any CPU = Release|Any CPU
	EndGlobalSection
	GlobalSection(ProjectConfigurationPlatforms) = postSolution
		{B77F30D7-D323-429A-8294-084D8E1F5204}.Debug|Any CPU.ActiveCfg = Debug|Any CPU
		{B77F30D7-D323-429A-8294-084D8E1F5204}.Debug|Any CPU.Build.0 = Debug|Any CPU
		{B77F30D7-D323-429A-8294-084D8E1F5204}.Release|Any CPU.ActiveCfg = Release|Any CPU
		{B77F30D7-D323-429A-8294-084D8E1F5204}.Release|Any CPU.Build.0 = Release|Any CPU
		{93567392-536A-4E2B-93BD-03D0C7F19AFC}.Debug|Any CPU.ActiveCfg = Debug|Any CPU
		{93567392-536A-4E2B-93BD-03D0C7F19AFC}.Debug|Any CPU.Build.0 = Debug|Any CPU
		{93567392-536A-4E2B-93BD-03D0C7F19AFC}.Release|Any CPU.ActiveCfg = Release|Any CPU
		{93567392-536A-4E2B-93BD-03D0C7F19AFC}.Release|Any CPU.Build.0 = Release|Any CPU
		{F76D8629-18A4-4F60-828B-2359986A2801}.Debug|Any CPU.ActiveCfg = Debug|Any CPU
		{F76D8629-18A4-4F60-828B-2359986A2801}.Debug|Any CPU.Build.0 = Debug|Any CPU
		{F76D8629-18A4-4F60-828B-2359986A2801}.Release|Any CPU.ActiveCfg = Release|Any CPU
		{F76D8629-18A4-4F60-828B-2359986A2801}.Release|Any CPU.Build.0 = Release|Any CPU
		{E52EC200-CCB3-4FC5-9A71-4828049B3C9D}.Debug|Any CPU.ActiveCfg = Debug|Any CPU
		{E52EC200-CCB3-4FC5-9A71-4828049B3C9D}.Debug|Any CPU.Build.0 = Debug|Any CPU
		{E52EC200-CCB3-4FC5-9A71-4828049B3C9D}.Release|Any CPU.ActiveCfg = Release|Any CPU
		{E52EC200-CCB3-4FC5-9A71-4828049B3C9D}.Release|Any CPU.Build.0 = Release|Any CPU
		{12AF5AF2-2DED-4688-AFC0-11CAF869AA69}.Debug|Any CPU.ActiveCfg = Debug|Any CPU
		{12AF5AF2-2DED-4688-AFC0-11CAF869AA69}.Debug|Any CPU.Build.0 = Debug|Any CPU
		{12AF5AF2-2DED-4688-AFC0-11CAF869AA69}.Release|Any CPU.ActiveCfg = Release|Any CPU
		{12AF5AF2-2DED-4688-AFC0-11CAF869AA69}.Release|Any CPU.Build.0 = Release|Any CPU
		{F0AE61A2-75E3-4167-9E7F-2B2D43A8A197}.Debug|Any CPU.ActiveCfg = Debug|Any CPU
		{F0AE61A2-75E3-4167-9E7F-2B2D43A8A197}.Debug|Any CPU.Build.0 = Debug|Any CPU
		{F0AE61A2-75E3-4167-9E7F-2B2D43A8A197}.Release|Any CPU.ActiveCfg = Release|Any CPU
		{F0AE61A2-75E3-4167-9E7F-2B2D43A8A197}.Release|Any CPU.Build.0 = Release|Any CPU
		{FB6B2546-77B1-4D7F-95F9-CFDDFCBAE414}.Debug|Any CPU.ActiveCfg = Debug|Any CPU
		{FB6B2546-77B1-4D7F-95F9-CFDDFCBAE414}.Debug|Any CPU.Build.0 = Debug|Any CPU
		{FB6B2546-77B1-4D7F-95F9-CFDDFCBAE414}.Release|Any CPU.ActiveCfg = Release|Any CPU
		{FB6B2546-77B1-4D7F-95F9-CFDDFCBAE414}.Release|Any CPU.Build.0 = Release|Any CPU
		{F32D3136-0C24-4F3D-9CD8-69741097DCB8}.Debug|Any CPU.ActiveCfg = Debug|Any CPU
		{F32D3136-0C24-4F3D-9CD8-69741097DCB8}.Debug|Any CPU.Build.0 = Debug|Any CPU
		{F32D3136-0C24-4F3D-9CD8-69741097DCB8}.Release|Any CPU.ActiveCfg = Release|Any CPU
		{F32D3136-0C24-4F3D-9CD8-69741097DCB8}.Release|Any CPU.Build.0 = Release|Any CPU
		{15CA1CDC-4BFB-4D72-BBB6-28818D3002DA}.Debug|Any CPU.ActiveCfg = Debug|Any CPU
		{15CA1CDC-4BFB-4D72-BBB6-28818D3002DA}.Debug|Any CPU.Build.0 = Debug|Any CPU
		{15CA1CDC-4BFB-4D72-BBB6-28818D3002DA}.Release|Any CPU.ActiveCfg = Release|Any CPU
		{15CA1CDC-4BFB-4D72-BBB6-28818D3002DA}.Release|Any CPU.Build.0 = Release|Any CPU
		{CCAA13A6-730D-447B-ACEE-2B48B9F08E77}.Debug|Any CPU.ActiveCfg = Debug|Any CPU
		{CCAA13A6-730D-447B-ACEE-2B48B9F08E77}.Debug|Any CPU.Build.0 = Debug|Any CPU
		{CCAA13A6-730D-447B-ACEE-2B48B9F08E77}.Release|Any CPU.ActiveCfg = Release|Any CPU
		{CCAA13A6-730D-447B-ACEE-2B48B9F08E77}.Release|Any CPU.Build.0 = Release|Any CPU
		{FEAA7F97-A2CA-4B0D-ABB7-790CC643201D}.Debug|Any CPU.ActiveCfg = Debug|Any CPU
		{FEAA7F97-A2CA-4B0D-ABB7-790CC643201D}.Debug|Any CPU.Build.0 = Debug|Any CPU
		{FEAA7F97-A2CA-4B0D-ABB7-790CC643201D}.Release|Any CPU.ActiveCfg = Release|Any CPU
		{FEAA7F97-A2CA-4B0D-ABB7-790CC643201D}.Release|Any CPU.Build.0 = Release|Any CPU
		{6D796CA2-5F07-458E-A72B-52D7AA748808}.Debug|Any CPU.ActiveCfg = Debug|Any CPU
		{6D796CA2-5F07-458E-A72B-52D7AA748808}.Debug|Any CPU.Build.0 = Debug|Any CPU
		{6D796CA2-5F07-458E-A72B-52D7AA748808}.Release|Any CPU.ActiveCfg = Release|Any CPU
		{6D796CA2-5F07-458E-A72B-52D7AA748808}.Release|Any CPU.Build.0 = Release|Any CPU
		{F5825BC0-A4B7-417E-A2B4-80A142741EA3}.Debug|Any CPU.ActiveCfg = Debug|Any CPU
		{F5825BC0-A4B7-417E-A2B4-80A142741EA3}.Debug|Any CPU.Build.0 = Debug|Any CPU
		{F5825BC0-A4B7-417E-A2B4-80A142741EA3}.Release|Any CPU.ActiveCfg = Release|Any CPU
		{F5825BC0-A4B7-417E-A2B4-80A142741EA3}.Release|Any CPU.Build.0 = Release|Any CPU
		{1CBBCA93-3C0C-4C64-A6DC-5CD71DB5E5F6}.Debug|Any CPU.ActiveCfg = Debug|Any CPU
		{1CBBCA93-3C0C-4C64-A6DC-5CD71DB5E5F6}.Debug|Any CPU.Build.0 = Debug|Any CPU
		{1CBBCA93-3C0C-4C64-A6DC-5CD71DB5E5F6}.Release|Any CPU.ActiveCfg = Release|Any CPU
		{1CBBCA93-3C0C-4C64-A6DC-5CD71DB5E5F6}.Release|Any CPU.Build.0 = Release|Any CPU
	EndGlobalSection
	GlobalSection(SolutionProperties) = preSolution
		HideSolutionNode = FALSE
	EndGlobalSection
	GlobalSection(ExtensibilityGlobals) = postSolution
		SolutionGuid = {633A43A4-968C-4C75-B9EC-DAC14A5232B0}
		{F68E8127-D892-4581-9B2F-2D25DD7430FD}.Debug|Any CPU.ActiveCfg = Debug|Any CPU
		{F68E8127-D892-4581-9B2F-2D25DD7430FD}.Debug|Any CPU.Build.0 = Debug|Any CPU
		{F68E8127-D892-4581-9B2F-2D25DD7430FD}.Release|Any CPU.ActiveCfg = Release|Any CPU
		{F68E8127-D892-4581-9B2F-2D25DD7430FD}.Release|Any CPU.Build.0 = Release|Any CPU
		{9A08D8AF-2D01-451F-91C0-D9D2CA1B5829}.Debug|Any CPU.ActiveCfg = Debug|Any CPU
		{9A08D8AF-2D01-451F-91C0-D9D2CA1B5829}.Debug|Any CPU.Build.0 = Debug|Any CPU
		{9A08D8AF-2D01-451F-91C0-D9D2CA1B5829}.Release|Any CPU.ActiveCfg = Release|Any CPU
		{9A08D8AF-2D01-451F-91C0-D9D2CA1B5829}.Release|Any CPU.Build.0 = Release|Any CPU
		{2BD4472A-9CD8-477B-9B05-070CEB36712B}.Debug|Any CPU.ActiveCfg = Debug|Any CPU
		{2BD4472A-9CD8-477B-9B05-070CEB36712B}.Debug|Any CPU.Build.0 = Debug|Any CPU
		{2BD4472A-9CD8-477B-9B05-070CEB36712B}.Release|Any CPU.ActiveCfg = Release|Any CPU
		{2BD4472A-9CD8-477B-9B05-070CEB36712B}.Release|Any CPU.Build.0 = Release|Any CPU
		{A30892C6-E3C9-4F56-ADDB-35461DC19E86}.Debug|Any CPU.ActiveCfg = Debug|Any CPU
		{A30892C6-E3C9-4F56-ADDB-35461DC19E86}.Debug|Any CPU.Build.0 = Debug|Any CPU
		{A30892C6-E3C9-4F56-ADDB-35461DC19E86}.Release|Any CPU.ActiveCfg = Release|Any CPU
		{A30892C6-E3C9-4F56-ADDB-35461DC19E86}.Release|Any CPU.Build.0 = Release|Any CPU
		{F1877FF5-E796-43C2-9D1D-D6E129526CF7}.Debug|Any CPU.ActiveCfg = Debug|Any CPU
		{F1877FF5-E796-43C2-9D1D-D6E129526CF7}.Debug|Any CPU.Build.0 = Debug|Any CPU
		{F1877FF5-E796-43C2-9D1D-D6E129526CF7}.Release|Any CPU.ActiveCfg = Release|Any CPU
		{F1877FF5-E796-43C2-9D1D-D6E129526CF7}.Release|Any CPU.Build.0 = Release|Any CPU
		{071FC063-C840-421D-81A7-158E61E69299}.Debug|Any CPU.ActiveCfg = Debug|Any CPU
		{071FC063-C840-421D-81A7-158E61E69299}.Debug|Any CPU.Build.0 = Debug|Any CPU
		{071FC063-C840-421D-81A7-158E61E69299}.Release|Any CPU.ActiveCfg = Release|Any CPU
		{071FC063-C840-421D-81A7-158E61E69299}.Release|Any CPU.Build.0 = Release|Any CPU
		{88F74EC5-D664-4AB2-90AA-61F21D53EF8C}.Debug|Any CPU.ActiveCfg = Debug|Any CPU
		{88F74EC5-D664-4AB2-90AA-61F21D53EF8C}.Debug|Any CPU.Build.0 = Debug|Any CPU
		{88F74EC5-D664-4AB2-90AA-61F21D53EF8C}.Release|Any CPU.ActiveCfg = Release|Any CPU
		{88F74EC5-D664-4AB2-90AA-61F21D53EF8C}.Release|Any CPU.Build.0 = Release|Any CPU
		{BB30C6A6-F1D8-431F-AE0E-6E4D308FC5D0}.Debug|Any CPU.ActiveCfg = Debug|Any CPU
		{BB30C6A6-F1D8-431F-AE0E-6E4D308FC5D0}.Debug|Any CPU.Build.0 = Debug|Any CPU
		{BB30C6A6-F1D8-431F-AE0E-6E4D308FC5D0}.Release|Any CPU.ActiveCfg = Release|Any CPU
		{BB30C6A6-F1D8-431F-AE0E-6E4D308FC5D0}.Release|Any CPU.Build.0 = Release|Any CPU
		{BD640FC6-F14A-40C6-B1C5-5E669168AB2E}.Debug|Any CPU.ActiveCfg = Debug|Any CPU
		{BD640FC6-F14A-40C6-B1C5-5E669168AB2E}.Debug|Any CPU.Build.0 = Debug|Any CPU
		{BD640FC6-F14A-40C6-B1C5-5E669168AB2E}.Release|Any CPU.ActiveCfg = Release|Any CPU
		{BD640FC6-F14A-40C6-B1C5-5E669168AB2E}.Release|Any CPU.Build.0 = Release|Any CPU
		{2C84BEC8-F283-41DF-AA9C-02BCCFA79EE3}.Debug|Any CPU.ActiveCfg = Debug|Any CPU
		{2C84BEC8-F283-41DF-AA9C-02BCCFA79EE3}.Debug|Any CPU.Build.0 = Debug|Any CPU
		{2C84BEC8-F283-41DF-AA9C-02BCCFA79EE3}.Release|Any CPU.ActiveCfg = Release|Any CPU
		{2C84BEC8-F283-41DF-AA9C-02BCCFA79EE3}.Release|Any CPU.Build.0 = Release|Any CPU
	EndGlobalSection
EndGlobal
